
Microsoft Visual Studio Solution File, Format Version 12.00
# Visual Studio Version 17
VisualStudioVersion = 17.8.34330.188
MinimumVisualStudioVersion = 10.0.40219.1
Project("{2150E333-8FDC-42A3-9474-1A3956D46DE8}") = "src", "src", "{A2F7AB88-2E23-41FE-89E5-94F887EF2036}"
EndProject
Project("{9A19103F-16F7-4668-BE54-9A1E7A4F7556}") = "Host", "src\Host\Host.csproj", "{8DD473D6-A45D-4BB2-B0A3-32D687E2E6B5}"
EndProject
Project("{2150E333-8FDC-42A3-9474-1A3956D46DE8}") = "Catalog", "Catalog", "{12CBE703-613F-4BBA-B97A-A0A8404F7A20}"
EndProject
Project("{2150E333-8FDC-42A3-9474-1A3956D46DE8}") = "Core", "Core", "{12EDBA63-4012-4F64-9C46-142FE979E964}"
EndProject
Project("{2150E333-8FDC-42A3-9474-1A3956D46DE8}") = "Infrastructure", "Infrastructure", "{3C788669-DDCE-4CD6-99DE-4E0316A37511}"
EndProject
Project("{2150E333-8FDC-42A3-9474-1A3956D46DE8}") = "Presentation", "Presentation", "{D9B878FD-560F-4028-BA93-19202227F3A1}"
EndProject
Project("{2150E333-8FDC-42A3-9474-1A3956D46DE8}") = "tests", "tests", "{7D8F1B7C-80CF-445D-B994-0B792F5331D1}"
EndProject
Project("{2150E333-8FDC-42A3-9474-1A3956D46DE8}") = "build", "build", "{793430C5-4863-4F23-B454-705472274C8E}"
	ProjectSection(SolutionItems) = preProject
		Directory.Build.props = Directory.Build.props
		Directory.Build.targets = Directory.Build.targets
	EndProjectSection
EndProject
Project("{9A19103F-16F7-4668-BE54-9A1E7A4F7556}") = "Domain", "src\Catalog\Core\Domain\Domain.csproj", "{E2F382AE-8F63-44E0-99BC-F36400A12341}"
EndProject
Project("{9A19103F-16F7-4668-BE54-9A1E7A4F7556}") = "Application", "src\Catalog\Core\Application\Application.csproj", "{931F0E2D-1FEF-43E9-AA65-BA0FD9593117}"
EndProject
Project("{9A19103F-16F7-4668-BE54-9A1E7A4F7556}") = "Contract", "src\Catalog\Core\Contract\Contract.csproj", "{0A5F88AB-E9D1-4879-BDFE-77ED7B244037}"
EndProject
Project("{9A19103F-16F7-4668-BE54-9A1E7A4F7556}") = "Http", "src\Catalog\Presentation\Http\Http.csproj", "{F111E727-6656-4B4D-A97C-229C5DA7CD51}"
EndProject
Project("{9A19103F-16F7-4668-BE54-9A1E7A4F7556}") = "Mongo", "src\Catalog\Infrastructure\Mongo\Mongo.csproj", "{B3BA4C20-E46C-4BFC-937B-0326DF20D385}"
EndProject
Project("{2150E333-8FDC-42A3-9474-1A3956D46DE8}") = "framework", "framework", "{DAEBDBC1-931C-4EA3-A7F8-F95C2AE4DE23}"
EndProject
Project("{2150E333-8FDC-42A3-9474-1A3956D46DE8}") = "Core", "Core", "{DEDDEBE2-AC45-4FB1-995D-5344A3A54A56}"
EndProject
Project("{2150E333-8FDC-42A3-9474-1A3956D46DE8}") = "Infrastructure", "Infrastructure", "{FBF3203F-0DA2-49D1-932C-DAB4056C2566}"
EndProject
Project("{2150E333-8FDC-42A3-9474-1A3956D46DE8}") = "Presentation", "Presentation", "{7A350465-A1F9-45AF-BF3E-E8A9DAE27980}"
EndProject
Project("{9A19103F-16F7-4668-BE54-9A1E7A4F7556}") = "Domain", "framework\Core\Domain\Domain.csproj", "{69B3D16C-5565-42F6-8872-8F86C10FAC06}"
EndProject
Project("{9A19103F-16F7-4668-BE54-9A1E7A4F7556}") = "Application", "framework\Core\Application\Application.csproj", "{546E266A-D43A-4C1C-9A10-23459B5A96D7}"
EndProject
Project("{9A19103F-16F7-4668-BE54-9A1E7A4F7556}") = "Contract", "framework\Core\Contract\Contract.csproj", "{865EEF2A-CE09-4B85-B305-C076468A30DC}"
EndProject
Project("{9A19103F-16F7-4668-BE54-9A1E7A4F7556}") = "Mongo", "framework\Infrastructure\Mongo\Mongo.csproj", "{5AD5B75F-5BD0-4313-B69F-4E2F9279E095}"
EndProject
Project("{9A19103F-16F7-4668-BE54-9A1E7A4F7556}") = "Http", "framework\Presentation\Http\Http.csproj", "{56C0273D-5C75-4AD2-ACB7-3A6B20BF7357}"
EndProject
Project("{2150E333-8FDC-42A3-9474-1A3956D46DE8}") = "Basket", "Basket", "{B2CFCC6E-AA53-4897-B459-A5BD29C3EFDB}"
EndProject
Project("{2150E333-8FDC-42A3-9474-1A3956D46DE8}") = "UserManagement", "UserManagement", "{2D931110-146F-4FB2-ADE3-AD6AFDAD6922}"
EndProject
Project("{2150E333-8FDC-42A3-9474-1A3956D46DE8}") = "Checkout", "Checkout", "{29B40ED8-5F78-4559-90F4-5AC72FE36FBD}"
EndProject
Project("{2150E333-8FDC-42A3-9474-1A3956D46DE8}") = "Fulfillment", "Fulfillment", "{3FDEB8FD-869D-4281-B2B4-C92D04A65A8C}"
EndProject
Project("{2150E333-8FDC-42A3-9474-1A3956D46DE8}") = "Delivery", "Delivery", "{46E88BC2-0840-4D7D-A978-D74097B779FA}"
EndProject
Project("{2150E333-8FDC-42A3-9474-1A3956D46DE8}") = "Support", "Support", "{1025ED89-34DA-4B25-BD84-AE0AA731757C}"
EndProject
Global
	GlobalSection(SolutionConfigurationPlatforms) = preSolution
		Debug|Any CPU = Debug|Any CPU
		Release|Any CPU = Release|Any CPU
	EndGlobalSection
	GlobalSection(ProjectConfigurationPlatforms) = postSolution
		{8DD473D6-A45D-4BB2-B0A3-32D687E2E6B5}.Debug|Any CPU.ActiveCfg = Debug|Any CPU
		{8DD473D6-A45D-4BB2-B0A3-32D687E2E6B5}.Debug|Any CPU.Build.0 = Debug|Any CPU
		{8DD473D6-A45D-4BB2-B0A3-32D687E2E6B5}.Release|Any CPU.ActiveCfg = Release|Any CPU
		{8DD473D6-A45D-4BB2-B0A3-32D687E2E6B5}.Release|Any CPU.Build.0 = Release|Any CPU
		{E2F382AE-8F63-44E0-99BC-F36400A12341}.Debug|Any CPU.ActiveCfg = Debug|Any CPU
		{E2F382AE-8F63-44E0-99BC-F36400A12341}.Debug|Any CPU.Build.0 = Debug|Any CPU
		{E2F382AE-8F63-44E0-99BC-F36400A12341}.Release|Any CPU.ActiveCfg = Release|Any CPU
		{E2F382AE-8F63-44E0-99BC-F36400A12341}.Release|Any CPU.Build.0 = Release|Any CPU
		{931F0E2D-1FEF-43E9-AA65-BA0FD9593117}.Debug|Any CPU.ActiveCfg = Debug|Any CPU
		{931F0E2D-1FEF-43E9-AA65-BA0FD9593117}.Debug|Any CPU.Build.0 = Debug|Any CPU
		{931F0E2D-1FEF-43E9-AA65-BA0FD9593117}.Release|Any CPU.ActiveCfg = Release|Any CPU
		{931F0E2D-1FEF-43E9-AA65-BA0FD9593117}.Release|Any CPU.Build.0 = Release|Any CPU
		{0A5F88AB-E9D1-4879-BDFE-77ED7B244037}.Debug|Any CPU.ActiveCfg = Debug|Any CPU
		{0A5F88AB-E9D1-4879-BDFE-77ED7B244037}.Debug|Any CPU.Build.0 = Debug|Any CPU
		{0A5F88AB-E9D1-4879-BDFE-77ED7B244037}.Release|Any CPU.ActiveCfg = Release|Any CPU
		{0A5F88AB-E9D1-4879-BDFE-77ED7B244037}.Release|Any CPU.Build.0 = Release|Any CPU
		{F111E727-6656-4B4D-A97C-229C5DA7CD51}.Debug|Any CPU.ActiveCfg = Debug|Any CPU
		{F111E727-6656-4B4D-A97C-229C5DA7CD51}.Debug|Any CPU.Build.0 = Debug|Any CPU
		{F111E727-6656-4B4D-A97C-229C5DA7CD51}.Release|Any CPU.ActiveCfg = Release|Any CPU
		{F111E727-6656-4B4D-A97C-229C5DA7CD51}.Release|Any CPU.Build.0 = Release|Any CPU
		{B3BA4C20-E46C-4BFC-937B-0326DF20D385}.Debug|Any CPU.ActiveCfg = Debug|Any CPU
		{B3BA4C20-E46C-4BFC-937B-0326DF20D385}.Debug|Any CPU.Build.0 = Debug|Any CPU
		{B3BA4C20-E46C-4BFC-937B-0326DF20D385}.Release|Any CPU.ActiveCfg = Release|Any CPU
		{B3BA4C20-E46C-4BFC-937B-0326DF20D385}.Release|Any CPU.Build.0 = Release|Any CPU
		{69B3D16C-5565-42F6-8872-8F86C10FAC06}.Debug|Any CPU.ActiveCfg = Debug|Any CPU
		{69B3D16C-5565-42F6-8872-8F86C10FAC06}.Debug|Any CPU.Build.0 = Debug|Any CPU
		{69B3D16C-5565-42F6-8872-8F86C10FAC06}.Release|Any CPU.ActiveCfg = Release|Any CPU
		{69B3D16C-5565-42F6-8872-8F86C10FAC06}.Release|Any CPU.Build.0 = Release|Any CPU
		{546E266A-D43A-4C1C-9A10-23459B5A96D7}.Debug|Any CPU.ActiveCfg = Debug|Any CPU
		{546E266A-D43A-4C1C-9A10-23459B5A96D7}.Debug|Any CPU.Build.0 = Debug|Any CPU
		{546E266A-D43A-4C1C-9A10-23459B5A96D7}.Release|Any CPU.ActiveCfg = Release|Any CPU
		{546E266A-D43A-4C1C-9A10-23459B5A96D7}.Release|Any CPU.Build.0 = Release|Any CPU
		{865EEF2A-CE09-4B85-B305-C076468A30DC}.Debug|Any CPU.ActiveCfg = Debug|Any CPU
		{865EEF2A-CE09-4B85-B305-C076468A30DC}.Debug|Any CPU.Build.0 = Debug|Any CPU
		{865EEF2A-CE09-4B85-B305-C076468A30DC}.Release|Any CPU.ActiveCfg = Release|Any CPU
		{865EEF2A-CE09-4B85-B305-C076468A30DC}.Release|Any CPU.Build.0 = Release|Any CPU
		{5AD5B75F-5BD0-4313-B69F-4E2F9279E095}.Debug|Any CPU.ActiveCfg = Debug|Any CPU
		{5AD5B75F-5BD0-4313-B69F-4E2F9279E095}.Debug|Any CPU.Build.0 = Debug|Any CPU
		{5AD5B75F-5BD0-4313-B69F-4E2F9279E095}.Release|Any CPU.ActiveCfg = Release|Any CPU
		{5AD5B75F-5BD0-4313-B69F-4E2F9279E095}.Release|Any CPU.Build.0 = Release|Any CPU
		{56C0273D-5C75-4AD2-ACB7-3A6B20BF7357}.Debug|Any CPU.ActiveCfg = Debug|Any CPU
		{56C0273D-5C75-4AD2-ACB7-3A6B20BF7357}.Debug|Any CPU.Build.0 = Debug|Any CPU
		{56C0273D-5C75-4AD2-ACB7-3A6B20BF7357}.Release|Any CPU.ActiveCfg = Release|Any CPU
		{56C0273D-5C75-4AD2-ACB7-3A6B20BF7357}.Release|Any CPU.Build.0 = Release|Any CPU
	EndGlobalSection
	GlobalSection(SolutionProperties) = preSolution
		HideSolutionNode = FALSE
	EndGlobalSection
	GlobalSection(NestedProjects) = preSolution
		{8DD473D6-A45D-4BB2-B0A3-32D687E2E6B5} = {A2F7AB88-2E23-41FE-89E5-94F887EF2036}
		{12CBE703-613F-4BBA-B97A-A0A8404F7A20} = {A2F7AB88-2E23-41FE-89E5-94F887EF2036}
		{12EDBA63-4012-4F64-9C46-142FE979E964} = {12CBE703-613F-4BBA-B97A-A0A8404F7A20}
		{3C788669-DDCE-4CD6-99DE-4E0316A37511} = {12CBE703-613F-4BBA-B97A-A0A8404F7A20}
		{D9B878FD-560F-4028-BA93-19202227F3A1} = {12CBE703-613F-4BBA-B97A-A0A8404F7A20}
		{E2F382AE-8F63-44E0-99BC-F36400A12341} = {12EDBA63-4012-4F64-9C46-142FE979E964}
		{931F0E2D-1FEF-43E9-AA65-BA0FD9593117} = {12EDBA63-4012-4F64-9C46-142FE979E964}
		{0A5F88AB-E9D1-4879-BDFE-77ED7B244037} = {12EDBA63-4012-4F64-9C46-142FE979E964}
		{F111E727-6656-4B4D-A97C-229C5DA7CD51} = {D9B878FD-560F-4028-BA93-19202227F3A1}
		{B3BA4C20-E46C-4BFC-937B-0326DF20D385} = {3C788669-DDCE-4CD6-99DE-4E0316A37511}
		{DEDDEBE2-AC45-4FB1-995D-5344A3A54A56} = {DAEBDBC1-931C-4EA3-A7F8-F95C2AE4DE23}
		{FBF3203F-0DA2-49D1-932C-DAB4056C2566} = {DAEBDBC1-931C-4EA3-A7F8-F95C2AE4DE23}
		{7A350465-A1F9-45AF-BF3E-E8A9DAE27980} = {DAEBDBC1-931C-4EA3-A7F8-F95C2AE4DE23}
		{69B3D16C-5565-42F6-8872-8F86C10FAC06} = {DEDDEBE2-AC45-4FB1-995D-5344A3A54A56}
		{546E266A-D43A-4C1C-9A10-23459B5A96D7} = {DEDDEBE2-AC45-4FB1-995D-5344A3A54A56}
		{865EEF2A-CE09-4B85-B305-C076468A30DC} = {DEDDEBE2-AC45-4FB1-995D-5344A3A54A56}
		{5AD5B75F-5BD0-4313-B69F-4E2F9279E095} = {FBF3203F-0DA2-49D1-932C-DAB4056C2566}
		{56C0273D-5C75-4AD2-ACB7-3A6B20BF7357} = {7A350465-A1F9-45AF-BF3E-E8A9DAE27980}
		{B2CFCC6E-AA53-4897-B459-A5BD29C3EFDB} = {A2F7AB88-2E23-41FE-89E5-94F887EF2036}
		{2D931110-146F-4FB2-ADE3-AD6AFDAD6922} = {A2F7AB88-2E23-41FE-89E5-94F887EF2036}
		{29B40ED8-5F78-4559-90F4-5AC72FE36FBD} = {A2F7AB88-2E23-41FE-89E5-94F887EF2036}
		{3FDEB8FD-869D-4281-B2B4-C92D04A65A8C} = {A2F7AB88-2E23-41FE-89E5-94F887EF2036}
		{46E88BC2-0840-4D7D-A978-D74097B779FA} = {A2F7AB88-2E23-41FE-89E5-94F887EF2036}
		{1025ED89-34DA-4B25-BD84-AE0AA731757C} = {A2F7AB88-2E23-41FE-89E5-94F887EF2036}
	EndGlobalSection
	GlobalSection(ExtensibilityGlobals) = postSolution
		SolutionGuid = {FE275B7D-1DB8-409D-A788-FB2EAAA1D917}
	EndGlobalSection
EndGlobal
