
Microsoft Visual Studio Solution File, Format Version 12.00
# Visual Studio Version 17
VisualStudioVersion = 17.8.34330.188
MinimumVisualStudioVersion = 10.0.40219.1
Project("{2150E333-8FDC-42A3-9474-1A3956D46DE8}") = "src", "src", "{A2F7AB88-2E23-41FE-89E5-94F887EF2036}"
EndProject
Project("{9A19103F-16F7-4668-BE54-9A1E7A4F7556}") = "Host", "src\Host\Host.csproj", "{8DD473D6-A45D-4BB2-B0A3-32D687E2E6B5}"
EndProject
Project("{2150E333-8FDC-42A3-9474-1A3956D46DE8}") = "Catalog", "Catalog", "{12CBE703-613F-4BBA-B97A-A0A8404F7A20}"
EndProject
Project("{2150E333-8FDC-42A3-9474-1A3956D46DE8}") = "Core", "Core", "{12EDBA63-4012-4F64-9C46-142FE979E964}"
EndProject
Project("{2150E333-8FDC-42A3-9474-1A3956D46DE8}") = "Infrastructure", "Infrastructure", "{3C788669-DDCE-4CD6-99DE-4E0316A37511}"
EndProject
Project("{2150E333-8FDC-42A3-9474-1A3956D46DE8}") = "Presentation", "Presentation", "{D9B878FD-560F-4028-BA93-19202227F3A1}"
EndProject
Project("{2150E333-8FDC-42A3-9474-1A3956D46DE8}") = "tests", "tests", "{7D8F1B7C-80CF-445D-B994-0B792F5331D1}"
EndProject
Project("{2150E333-8FDC-42A3-9474-1A3956D46DE8}") = "build", "build", "{793430C5-4863-4F23-B454-705472274C8E}"
	ProjectSection(SolutionItems) = preProject
		Directory.Build.props = Directory.Build.props
		Directory.Build.targets = Directory.Build.targets
	EndProjectSection
EndProject
Project("{9A19103F-16F7-4668-BE54-9A1E7A4F7556}") = "Domain", "src\Catalog\Core\Domain\Domain.csproj", "{E2F382AE-8F63-44E0-99BC-F36400A12341}"
EndProject
Project("{9A19103F-16F7-4668-BE54-9A1E7A4F7556}") = "Application", "src\Catalog\Core\Application\Application.csproj", "{931F0E2D-1FEF-43E9-AA65-BA0FD9593117}"
EndProject
Project("{9A19103F-16F7-4668-BE54-9A1E7A4F7556}") = "Contract", "src\Catalog\Core\Contract\Contract.csproj", "{0A5F88AB-E9D1-4879-BDFE-77ED7B244037}"
EndProject
Project("{9A19103F-16F7-4668-BE54-9A1E7A4F7556}") = "Http", "src\Catalog\Presentation\Http\Http.csproj", "{F111E727-6656-4B4D-A97C-229C5DA7CD51}"
EndProject
Project("{9A19103F-16F7-4668-BE54-9A1E7A4F7556}") = "Mongo", "src\Catalog\Infrastructure\Mongo\Mongo.csproj", "{B3BA4C20-E46C-4BFC-937B-0326DF20D385}"
EndProject
Project("{2150E333-8FDC-42A3-9474-1A3956D46DE8}") = "framework", "framework", "{DAEBDBC1-931C-4EA3-A7F8-F95C2AE4DE23}"
EndProject
Project("{2150E333-8FDC-42A3-9474-1A3956D46DE8}") = "Core", "Core", "{DEDDEBE2-AC45-4FB1-995D-5344A3A54A56}"
EndProject
Project("{2150E333-8FDC-42A3-9474-1A3956D46DE8}") = "Infrastructure", "Infrastructure", "{FBF3203F-0DA2-49D1-932C-DAB4056C2566}"
EndProject
Project("{2150E333-8FDC-42A3-9474-1A3956D46DE8}") = "Presentation", "Presentation", "{7A350465-A1F9-45AF-BF3E-E8A9DAE27980}"
EndProject
Project("{9A19103F-16F7-4668-BE54-9A1E7A4F7556}") = "Domain", "framework\Core\Domain\Domain.csproj", "{69B3D16C-5565-42F6-8872-8F86C10FAC06}"
EndProject
Project("{9A19103F-16F7-4668-BE54-9A1E7A4F7556}") = "Application", "framework\Core\Application\Application.csproj", "{546E266A-D43A-4C1C-9A10-23459B5A96D7}"
EndProject
Project("{9A19103F-16F7-4668-BE54-9A1E7A4F7556}") = "Contract", "framework\Core\Contract\Contract.csproj", "{865EEF2A-CE09-4B85-B305-C076468A30DC}"
EndProject
Project("{9A19103F-16F7-4668-BE54-9A1E7A4F7556}") = "Mongo", "framework\Infrastructure\Mongo\Mongo.csproj", "{5AD5B75F-5BD0-4313-B69F-4E2F9279E095}"
EndProject
Project("{9A19103F-16F7-4668-BE54-9A1E7A4F7556}") = "Http", "framework\Presentation\Http\Http.csproj", "{56C0273D-5C75-4AD2-ACB7-3A6B20BF7357}"
EndProject
Project("{2150E333-8FDC-42A3-9474-1A3956D46DE8}") = "Basket", "Basket", "{B2CFCC6E-AA53-4897-B459-A5BD29C3EFDB}"
EndProject
Project("{2150E333-8FDC-42A3-9474-1A3956D46DE8}") = "UserManagement", "UserManagement", "{2D931110-146F-4FB2-ADE3-AD6AFDAD6922}"
EndProject
Project("{2150E333-8FDC-42A3-9474-1A3956D46DE8}") = "Checkout", "Checkout", "{29B40ED8-5F78-4559-90F4-5AC72FE36FBD}"
EndProject
Project("{2150E333-8FDC-42A3-9474-1A3956D46DE8}") = "Fulfillment", "Fulfillment", "{3FDEB8FD-869D-4281-B2B4-C92D04A65A8C}"
EndProject
Project("{2150E333-8FDC-42A3-9474-1A3956D46DE8}") = "Delivery", "Delivery", "{46E88BC2-0840-4D7D-A978-D74097B779FA}"
EndProject
Project("{2150E333-8FDC-42A3-9474-1A3956D46DE8}") = "Support", "Support", "{1025ED89-34DA-4B25-BD84-AE0AA731757C}"
EndProject
Project("{2150E333-8FDC-42A3-9474-1A3956D46DE8}") = "docs", "docs", "{249BA785-7355-4412-8E94-D39FD343DA2C}"
	ProjectSection(SolutionItems) = preProject
		change-logs.md = change-logs.md
	EndProjectSection
EndProject
Project("{2150E333-8FDC-42A3-9474-1A3956D46DE8}") = "Core", "Core", "{6102C299-1CB7-4410-A7B6-98E49A7D0C96}"
EndProject
Project("{9A19103F-16F7-4668-BE54-9A1E7A4F7556}") = "Domain", "src\UserManagement\Core\Domain\Domain.csproj", "{89CF0AFC-F42E-4DA1-971F-E558F722EB00}"
EndProject
Project("{9A19103F-16F7-4668-BE54-9A1E7A4F7556}") = "Application", "src\UserManagement\Core\Application\Application.csproj", "{4A44DC98-689F-428C-A50D-3B8D1790AA7F}"
EndProject
Project("{9A19103F-16F7-4668-BE54-9A1E7A4F7556}") = "Contract", "src\UserManagement\Core\Contract\Contract.csproj", "{0EEF5BC9-AAD1-45C8-98A8-65F47A0E8DD4}"
EndProject
Project("{2150E333-8FDC-42A3-9474-1A3956D46DE8}") = "Infrastructure", "Infrastructure", "{5DA13F6F-D1BB-4347-82E5-44F837CBC1A4}"
EndProject
Project("{2150E333-8FDC-42A3-9474-1A3956D46DE8}") = "Presentation", "Presentation", "{093D3872-610B-488A-AD36-61E17F920F3F}"
EndProject
Project("{9A19103F-16F7-4668-BE54-9A1E7A4F7556}") = "Http", "src\UserManagement\Presentation\Http\Http.csproj", "{53660CD2-EF10-4783-AC72-5B9386488815}"
EndProject
Project("{9A19103F-16F7-4668-BE54-9A1E7A4F7556}") = "Mongo", "src\UserManagement\Infrastructure\Mongo\Mongo.csproj", "{9659EE47-8A6E-4139-B06E-33E3F54E6880}"
EndProject
Project("{9A19103F-16F7-4668-BE54-9A1E7A4F7556}") = "Notification", "framework\Infrastructure\Notification\Notification.csproj", "{01ABBC87-A5AB-45CC-9807-2E4280DF00B4}"
EndProject
Project("{9A19103F-16F7-4668-BE54-9A1E7A4F7556}") = "DomainTests", "tests\UserManagementTests\Core\DomainTests\DomainTests.csproj", "{61DA69C6-56CE-4335-AC5D-4F08FD95136F}"
EndProject
Project("{2150E333-8FDC-42A3-9474-1A3956D46DE8}") = "UserManagementTests", "UserManagementTests", "{FFEEB8F6-6C35-4C28-B5FB-C05159272023}"
EndProject
Project("{2150E333-8FDC-42A3-9474-1A3956D46DE8}") = "Core", "Core", "{0D3EE188-BE5F-4B7A-A133-A7A04D20B9CF}"
EndProject
Project("{2150E333-8FDC-42A3-9474-1A3956D46DE8}") = "Infrastructure", "Infrastructure", "{3670985D-417C-4A2E-BE66-2646C5212CFF}"
EndProject
Project("{2150E333-8FDC-42A3-9474-1A3956D46DE8}") = "Presentation", "Presentation", "{39328E42-FA80-40BF-AB2E-38273EEC0A72}"
EndProject
Project("{2150E333-8FDC-42A3-9474-1A3956D46DE8}") = "Partner", "Partner", "{7C8EA715-A5A2-46BC-848B-A4A56D893B3D}"
EndProject
Project("{2150E333-8FDC-42A3-9474-1A3956D46DE8}") = "Core", "Core", "{E411D30A-1842-4399-921D-BBB75516F71C}"
EndProject
Project("{2150E333-8FDC-42A3-9474-1A3956D46DE8}") = "Infrastructure", "Infrastructure", "{81812BE8-5164-40EC-8DDD-6AC4102754F6}"
EndProject
Project("{2150E333-8FDC-42A3-9474-1A3956D46DE8}") = "Presentation", "Presentation", "{837D3F9B-10E3-44FC-A3A7-0F508D0146E4}"
EndProject
Project("{9A19103F-16F7-4668-BE54-9A1E7A4F7556}") = "Domain", "src\Partner\Core\Domain\Domain.csproj", "{89B7E15A-850C-4175-AE32-65DC2EB02D75}"
EndProject
Project("{9A19103F-16F7-4668-BE54-9A1E7A4F7556}") = "Contract", "src\Partner\Core\Contract\Contract.csproj", "{EB835AA6-0293-4281-BDFE-8F2E20420938}"
EndProject
Project("{9A19103F-16F7-4668-BE54-9A1E7A4F7556}") = "Application", "src\Partner\Core\Application\Application.csproj", "{E0D69A75-E415-4B44-B96C-674CCC004EB6}"
EndProject
Project("{9A19103F-16F7-4668-BE54-9A1E7A4F7556}") = "Mongo", "src\Partner\Infrastructure\Mongo\Mongo.csproj", "{F171A0BE-2283-4A84-BCC1-5BF1C4CA5D04}"
EndProject
Project("{9A19103F-16F7-4668-BE54-9A1E7A4F7556}") = "Http", "src\Partner\Presentation\Http\Http.csproj", "{F59CEAF8-5C5F-4F78-84A7-800667D81ED1}"
EndProject
Project("{2150E333-8FDC-42A3-9474-1A3956D46DE8}") = "Core", "Core", "{A23C9F01-CE1C-4111-A08F-B4331B451D4D}"
EndProject
Project("{2150E333-8FDC-42A3-9474-1A3956D46DE8}") = "Infrastructure", "Infrastructure", "{A0D46806-574B-45BE-84C5-164EED9583B1}"
EndProject
Project("{2150E333-8FDC-42A3-9474-1A3956D46DE8}") = "Presentation", "Presentation", "{C11AFF29-3197-4491-B0B4-05953412ECBF}"
EndProject
Project("{9A19103F-16F7-4668-BE54-9A1E7A4F7556}") = "Domain", "src\Basket\Core\Domain\Domain.csproj", "{F87916A6-DC15-4BCF-805F-376DD10821D8}"
EndProject
Project("{9A19103F-16F7-4668-BE54-9A1E7A4F7556}") = "Application", "src\Basket\Core\Application\Application.csproj", "{6A16B56C-F29B-4AA1-8045-9372394FEDBD}"
EndProject
Project("{9A19103F-16F7-4668-BE54-9A1E7A4F7556}") = "Contract", "src\Basket\Core\Contract\Contract.csproj", "{CC5562C3-81D8-40D8-BCB6-F614244335BD}"
EndProject
Project("{9A19103F-16F7-4668-BE54-9A1E7A4F7556}") = "Mongo", "src\Basket\Infrastructure\Mongo\Mongo.csproj", "{2C109A49-BB8B-403C-806F-1FD154F53678}"
EndProject
Project("{9A19103F-16F7-4668-BE54-9A1E7A4F7556}") = "Http", "src\Basket\Presentation\Http\Http.csproj", "{6D816D4D-4079-42CE-87D9-2B3A3A89C220}"
EndProject
Project("{2150E333-8FDC-42A3-9474-1A3956D46DE8}") = "Core", "Core", "{453A685C-C9D2-466D-9B01-2F03FE998AAB}"
EndProject
Project("{2150E333-8FDC-42A3-9474-1A3956D46DE8}") = "Infrastructure", "Infrastructure", "{9C31242C-F7F9-4BF1-B10E-5B4C695E9295}"
EndProject
Project("{2150E333-8FDC-42A3-9474-1A3956D46DE8}") = "Presentation", "Presentation", "{1C984BCC-4890-4B70-97B9-3BC4951FCF47}"
EndProject
Project("{FAE04EC0-301F-11D3-BF4B-00C04F79EFBC}") = "Domain", "src\Checkout\Core\Domain\Domain.csproj", "{8CAAF626-6F61-4573-A829-ACE83432863A}"
EndProject
Project("{FAE04EC0-301F-11D3-BF4B-00C04F79EFBC}") = "Application", "src\Checkout\Core\Application\Application.csproj", "{1B1B9281-1270-40AA-983F-AB06C394DC3E}"
EndProject
Project("{FAE04EC0-301F-11D3-BF4B-00C04F79EFBC}") = "Contract", "src\Checkout\Core\Contract\Contract.csproj", "{7A3D9E72-D13F-4610-9942-5E00BAA720CC}"
EndProject
Project("{FAE04EC0-301F-11D3-BF4B-00C04F79EFBC}") = "Mongo", "src\Checkout\Infrastructure\Mongo\Mongo.csproj", "{59B64C74-011A-4EB0-B50F-27A1CE28BE33}"
EndProject
Project("{FAE04EC0-301F-11D3-BF4B-00C04F79EFBC}") = "Http", "src\Checkout\Presentation\Http\Http.csproj", "{C510F417-77DC-4238-B383-B40633BD911D}"
EndProject
Project("{2150E333-8FDC-42A3-9474-1A3956D46DE8}") = "FileManager", "FileManager", "{154075AE-85AF-4B9B-9C08-8AD139317D7E}"
EndProject
Project("{2150E333-8FDC-42A3-9474-1A3956D46DE8}") = "Core", "Core", "{01E69420-B23B-4EAD-B2A3-2418A4D02465}"
EndProject
Project("{2150E333-8FDC-42A3-9474-1A3956D46DE8}") = "Infrastructure", "Infrastructure", "{4F19725A-DB5A-40A2-8DB3-439D6029D0BB}"
EndProject
Project("{2150E333-8FDC-42A3-9474-1A3956D46DE8}") = "Presentation", "Presentation", "{B8C30BF7-C7B9-45F8-BA0F-44412E23FC19}"
EndProject
Project("{FAE04EC0-301F-11D3-BF4B-00C04F79EFBC}") = "Ftp", "src\FileManager\Infrastructure\Ftp\Ftp.csproj", "{7154F1BA-EB65-4639-A630-30763799EAAB}"
EndProject
Project("{FAE04EC0-301F-11D3-BF4B-00C04F79EFBC}") = "Http", "src\FileManager\Presentation\Http\Http.csproj", "{353CD985-5C0B-4E5C-9C04-A0D09FEF4E76}"
EndProject
Project("{FAE04EC0-301F-11D3-BF4B-00C04F79EFBC}") = "Domain", "src\FileManager\Core\Domain\Domain.csproj", "{04642D4E-9F97-4EE1-A333-2432DF62E915}"
EndProject
Project("{FAE04EC0-301F-11D3-BF4B-00C04F79EFBC}") = "Contract", "src\FileManager\Core\Contract\Contract.csproj", "{74BDF297-3CB8-4B06-82B8-9193A7FB3965}"
EndProject
Project("{FAE04EC0-301F-11D3-BF4B-00C04F79EFBC}") = "Application", "src\FileManager\Core\Application\Application.csproj", "{21F5D729-7BEC-44E0-8A6F-C6DD94412451}"
EndProject
Project("{FAE04EC0-301F-11D3-BF4B-00C04F79EFBC}") = "Mongo", "src\FileManager\Infrastructure\Mongo\Mongo.csproj", "{BB18EEA2-FC13-44F6-889F-24CAC1885068}"
EndProject
Global
	GlobalSection(SolutionConfigurationPlatforms) = preSolution
		Debug|Any CPU = Debug|Any CPU
		Release|Any CPU = Release|Any CPU
	EndGlobalSection
	GlobalSection(ProjectConfigurationPlatforms) = postSolution
		{8DD473D6-A45D-4BB2-B0A3-32D687E2E6B5}.Debug|Any CPU.ActiveCfg = Debug|Any CPU
		{8DD473D6-A45D-4BB2-B0A3-32D687E2E6B5}.Debug|Any CPU.Build.0 = Debug|Any CPU
		{8DD473D6-A45D-4BB2-B0A3-32D687E2E6B5}.Release|Any CPU.ActiveCfg = Release|Any CPU
		{8DD473D6-A45D-4BB2-B0A3-32D687E2E6B5}.Release|Any CPU.Build.0 = Release|Any CPU
		{E2F382AE-8F63-44E0-99BC-F36400A12341}.Debug|Any CPU.ActiveCfg = Debug|Any CPU
		{E2F382AE-8F63-44E0-99BC-F36400A12341}.Debug|Any CPU.Build.0 = Debug|Any CPU
		{E2F382AE-8F63-44E0-99BC-F36400A12341}.Release|Any CPU.ActiveCfg = Release|Any CPU
		{E2F382AE-8F63-44E0-99BC-F36400A12341}.Release|Any CPU.Build.0 = Release|Any CPU
		{931F0E2D-1FEF-43E9-AA65-BA0FD9593117}.Debug|Any CPU.ActiveCfg = Debug|Any CPU
		{931F0E2D-1FEF-43E9-AA65-BA0FD9593117}.Debug|Any CPU.Build.0 = Debug|Any CPU
		{931F0E2D-1FEF-43E9-AA65-BA0FD9593117}.Release|Any CPU.ActiveCfg = Release|Any CPU
		{931F0E2D-1FEF-43E9-AA65-BA0FD9593117}.Release|Any CPU.Build.0 = Release|Any CPU
		{0A5F88AB-E9D1-4879-BDFE-77ED7B244037}.Debug|Any CPU.ActiveCfg = Debug|Any CPU
		{0A5F88AB-E9D1-4879-BDFE-77ED7B244037}.Debug|Any CPU.Build.0 = Debug|Any CPU
		{0A5F88AB-E9D1-4879-BDFE-77ED7B244037}.Release|Any CPU.ActiveCfg = Release|Any CPU
		{0A5F88AB-E9D1-4879-BDFE-77ED7B244037}.Release|Any CPU.Build.0 = Release|Any CPU
		{F111E727-6656-4B4D-A97C-229C5DA7CD51}.Debug|Any CPU.ActiveCfg = Debug|Any CPU
		{F111E727-6656-4B4D-A97C-229C5DA7CD51}.Debug|Any CPU.Build.0 = Debug|Any CPU
		{F111E727-6656-4B4D-A97C-229C5DA7CD51}.Release|Any CPU.ActiveCfg = Release|Any CPU
		{F111E727-6656-4B4D-A97C-229C5DA7CD51}.Release|Any CPU.Build.0 = Release|Any CPU
		{B3BA4C20-E46C-4BFC-937B-0326DF20D385}.Debug|Any CPU.ActiveCfg = Debug|Any CPU
		{B3BA4C20-E46C-4BFC-937B-0326DF20D385}.Debug|Any CPU.Build.0 = Debug|Any CPU
		{B3BA4C20-E46C-4BFC-937B-0326DF20D385}.Release|Any CPU.ActiveCfg = Release|Any CPU
		{B3BA4C20-E46C-4BFC-937B-0326DF20D385}.Release|Any CPU.Build.0 = Release|Any CPU
		{69B3D16C-5565-42F6-8872-8F86C10FAC06}.Debug|Any CPU.ActiveCfg = Debug|Any CPU
		{69B3D16C-5565-42F6-8872-8F86C10FAC06}.Debug|Any CPU.Build.0 = Debug|Any CPU
		{69B3D16C-5565-42F6-8872-8F86C10FAC06}.Release|Any CPU.ActiveCfg = Release|Any CPU
		{69B3D16C-5565-42F6-8872-8F86C10FAC06}.Release|Any CPU.Build.0 = Release|Any CPU
		{546E266A-D43A-4C1C-9A10-23459B5A96D7}.Debug|Any CPU.ActiveCfg = Debug|Any CPU
		{546E266A-D43A-4C1C-9A10-23459B5A96D7}.Debug|Any CPU.Build.0 = Debug|Any CPU
		{546E266A-D43A-4C1C-9A10-23459B5A96D7}.Release|Any CPU.ActiveCfg = Release|Any CPU
		{546E266A-D43A-4C1C-9A10-23459B5A96D7}.Release|Any CPU.Build.0 = Release|Any CPU
		{865EEF2A-CE09-4B85-B305-C076468A30DC}.Debug|Any CPU.ActiveCfg = Debug|Any CPU
		{865EEF2A-CE09-4B85-B305-C076468A30DC}.Debug|Any CPU.Build.0 = Debug|Any CPU
		{865EEF2A-CE09-4B85-B305-C076468A30DC}.Release|Any CPU.ActiveCfg = Release|Any CPU
		{865EEF2A-CE09-4B85-B305-C076468A30DC}.Release|Any CPU.Build.0 = Release|Any CPU
		{5AD5B75F-5BD0-4313-B69F-4E2F9279E095}.Debug|Any CPU.ActiveCfg = Debug|Any CPU
		{5AD5B75F-5BD0-4313-B69F-4E2F9279E095}.Debug|Any CPU.Build.0 = Debug|Any CPU
		{5AD5B75F-5BD0-4313-B69F-4E2F9279E095}.Release|Any CPU.ActiveCfg = Release|Any CPU
		{5AD5B75F-5BD0-4313-B69F-4E2F9279E095}.Release|Any CPU.Build.0 = Release|Any CPU
		{56C0273D-5C75-4AD2-ACB7-3A6B20BF7357}.Debug|Any CPU.ActiveCfg = Debug|Any CPU
		{56C0273D-5C75-4AD2-ACB7-3A6B20BF7357}.Debug|Any CPU.Build.0 = Debug|Any CPU
		{56C0273D-5C75-4AD2-ACB7-3A6B20BF7357}.Release|Any CPU.ActiveCfg = Release|Any CPU
		{56C0273D-5C75-4AD2-ACB7-3A6B20BF7357}.Release|Any CPU.Build.0 = Release|Any CPU
		{89CF0AFC-F42E-4DA1-971F-E558F722EB00}.Debug|Any CPU.ActiveCfg = Debug|Any CPU
		{89CF0AFC-F42E-4DA1-971F-E558F722EB00}.Debug|Any CPU.Build.0 = Debug|Any CPU
		{89CF0AFC-F42E-4DA1-971F-E558F722EB00}.Release|Any CPU.ActiveCfg = Release|Any CPU
		{89CF0AFC-F42E-4DA1-971F-E558F722EB00}.Release|Any CPU.Build.0 = Release|Any CPU
		{4A44DC98-689F-428C-A50D-3B8D1790AA7F}.Debug|Any CPU.ActiveCfg = Debug|Any CPU
		{4A44DC98-689F-428C-A50D-3B8D1790AA7F}.Debug|Any CPU.Build.0 = Debug|Any CPU
		{4A44DC98-689F-428C-A50D-3B8D1790AA7F}.Release|Any CPU.ActiveCfg = Release|Any CPU
		{4A44DC98-689F-428C-A50D-3B8D1790AA7F}.Release|Any CPU.Build.0 = Release|Any CPU
		{0EEF5BC9-AAD1-45C8-98A8-65F47A0E8DD4}.Debug|Any CPU.ActiveCfg = Debug|Any CPU
		{0EEF5BC9-AAD1-45C8-98A8-65F47A0E8DD4}.Debug|Any CPU.Build.0 = Debug|Any CPU
		{0EEF5BC9-AAD1-45C8-98A8-65F47A0E8DD4}.Release|Any CPU.ActiveCfg = Release|Any CPU
		{0EEF5BC9-AAD1-45C8-98A8-65F47A0E8DD4}.Release|Any CPU.Build.0 = Release|Any CPU
		{53660CD2-EF10-4783-AC72-5B9386488815}.Debug|Any CPU.ActiveCfg = Debug|Any CPU
		{53660CD2-EF10-4783-AC72-5B9386488815}.Debug|Any CPU.Build.0 = Debug|Any CPU
		{53660CD2-EF10-4783-AC72-5B9386488815}.Release|Any CPU.ActiveCfg = Release|Any CPU
		{53660CD2-EF10-4783-AC72-5B9386488815}.Release|Any CPU.Build.0 = Release|Any CPU
		{9659EE47-8A6E-4139-B06E-33E3F54E6880}.Debug|Any CPU.ActiveCfg = Debug|Any CPU
		{9659EE47-8A6E-4139-B06E-33E3F54E6880}.Debug|Any CPU.Build.0 = Debug|Any CPU
		{9659EE47-8A6E-4139-B06E-33E3F54E6880}.Release|Any CPU.ActiveCfg = Release|Any CPU
		{9659EE47-8A6E-4139-B06E-33E3F54E6880}.Release|Any CPU.Build.0 = Release|Any CPU
		{01ABBC87-A5AB-45CC-9807-2E4280DF00B4}.Debug|Any CPU.ActiveCfg = Debug|Any CPU
		{01ABBC87-A5AB-45CC-9807-2E4280DF00B4}.Debug|Any CPU.Build.0 = Debug|Any CPU
		{01ABBC87-A5AB-45CC-9807-2E4280DF00B4}.Release|Any CPU.ActiveCfg = Release|Any CPU
		{01ABBC87-A5AB-45CC-9807-2E4280DF00B4}.Release|Any CPU.Build.0 = Release|Any CPU
		{61DA69C6-56CE-4335-AC5D-4F08FD95136F}.Debug|Any CPU.ActiveCfg = Debug|Any CPU
		{61DA69C6-56CE-4335-AC5D-4F08FD95136F}.Debug|Any CPU.Build.0 = Debug|Any CPU
		{61DA69C6-56CE-4335-AC5D-4F08FD95136F}.Release|Any CPU.ActiveCfg = Release|Any CPU
		{61DA69C6-56CE-4335-AC5D-4F08FD95136F}.Release|Any CPU.Build.0 = Release|Any CPU
		{89B7E15A-850C-4175-AE32-65DC2EB02D75}.Debug|Any CPU.ActiveCfg = Debug|Any CPU
		{89B7E15A-850C-4175-AE32-65DC2EB02D75}.Debug|Any CPU.Build.0 = Debug|Any CPU
		{89B7E15A-850C-4175-AE32-65DC2EB02D75}.Release|Any CPU.ActiveCfg = Release|Any CPU
		{89B7E15A-850C-4175-AE32-65DC2EB02D75}.Release|Any CPU.Build.0 = Release|Any CPU
		{EB835AA6-0293-4281-BDFE-8F2E20420938}.Debug|Any CPU.ActiveCfg = Debug|Any CPU
		{EB835AA6-0293-4281-BDFE-8F2E20420938}.Debug|Any CPU.Build.0 = Debug|Any CPU
		{EB835AA6-0293-4281-BDFE-8F2E20420938}.Release|Any CPU.ActiveCfg = Release|Any CPU
		{EB835AA6-0293-4281-BDFE-8F2E20420938}.Release|Any CPU.Build.0 = Release|Any CPU
		{E0D69A75-E415-4B44-B96C-674CCC004EB6}.Debug|Any CPU.ActiveCfg = Debug|Any CPU
		{E0D69A75-E415-4B44-B96C-674CCC004EB6}.Debug|Any CPU.Build.0 = Debug|Any CPU
		{E0D69A75-E415-4B44-B96C-674CCC004EB6}.Release|Any CPU.ActiveCfg = Release|Any CPU
		{E0D69A75-E415-4B44-B96C-674CCC004EB6}.Release|Any CPU.Build.0 = Release|Any CPU
		{F171A0BE-2283-4A84-BCC1-5BF1C4CA5D04}.Debug|Any CPU.ActiveCfg = Debug|Any CPU
		{F171A0BE-2283-4A84-BCC1-5BF1C4CA5D04}.Debug|Any CPU.Build.0 = Debug|Any CPU
		{F171A0BE-2283-4A84-BCC1-5BF1C4CA5D04}.Release|Any CPU.ActiveCfg = Release|Any CPU
		{F171A0BE-2283-4A84-BCC1-5BF1C4CA5D04}.Release|Any CPU.Build.0 = Release|Any CPU
		{F59CEAF8-5C5F-4F78-84A7-800667D81ED1}.Debug|Any CPU.ActiveCfg = Debug|Any CPU
		{F59CEAF8-5C5F-4F78-84A7-800667D81ED1}.Debug|Any CPU.Build.0 = Debug|Any CPU
		{F59CEAF8-5C5F-4F78-84A7-800667D81ED1}.Release|Any CPU.ActiveCfg = Release|Any CPU
		{F59CEAF8-5C5F-4F78-84A7-800667D81ED1}.Release|Any CPU.Build.0 = Release|Any CPU
		{F87916A6-DC15-4BCF-805F-376DD10821D8}.Debug|Any CPU.ActiveCfg = Debug|Any CPU
		{F87916A6-DC15-4BCF-805F-376DD10821D8}.Debug|Any CPU.Build.0 = Debug|Any CPU
		{F87916A6-DC15-4BCF-805F-376DD10821D8}.Release|Any CPU.ActiveCfg = Release|Any CPU
		{F87916A6-DC15-4BCF-805F-376DD10821D8}.Release|Any CPU.Build.0 = Release|Any CPU
		{6A16B56C-F29B-4AA1-8045-9372394FEDBD}.Debug|Any CPU.ActiveCfg = Debug|Any CPU
		{6A16B56C-F29B-4AA1-8045-9372394FEDBD}.Debug|Any CPU.Build.0 = Debug|Any CPU
		{6A16B56C-F29B-4AA1-8045-9372394FEDBD}.Release|Any CPU.ActiveCfg = Release|Any CPU
		{6A16B56C-F29B-4AA1-8045-9372394FEDBD}.Release|Any CPU.Build.0 = Release|Any CPU
		{CC5562C3-81D8-40D8-BCB6-F614244335BD}.Debug|Any CPU.ActiveCfg = Debug|Any CPU
		{CC5562C3-81D8-40D8-BCB6-F614244335BD}.Debug|Any CPU.Build.0 = Debug|Any CPU
		{CC5562C3-81D8-40D8-BCB6-F614244335BD}.Release|Any CPU.ActiveCfg = Release|Any CPU
		{CC5562C3-81D8-40D8-BCB6-F614244335BD}.Release|Any CPU.Build.0 = Release|Any CPU
		{2C109A49-BB8B-403C-806F-1FD154F53678}.Debug|Any CPU.ActiveCfg = Debug|Any CPU
		{2C109A49-BB8B-403C-806F-1FD154F53678}.Debug|Any CPU.Build.0 = Debug|Any CPU
		{2C109A49-BB8B-403C-806F-1FD154F53678}.Release|Any CPU.ActiveCfg = Release|Any CPU
		{2C109A49-BB8B-403C-806F-1FD154F53678}.Release|Any CPU.Build.0 = Release|Any CPU
		{6D816D4D-4079-42CE-87D9-2B3A3A89C220}.Debug|Any CPU.ActiveCfg = Debug|Any CPU
		{6D816D4D-4079-42CE-87D9-2B3A3A89C220}.Debug|Any CPU.Build.0 = Debug|Any CPU
		{6D816D4D-4079-42CE-87D9-2B3A3A89C220}.Release|Any CPU.ActiveCfg = Release|Any CPU
		{6D816D4D-4079-42CE-87D9-2B3A3A89C220}.Release|Any CPU.Build.0 = Release|Any CPU
		{8CAAF626-6F61-4573-A829-ACE83432863A}.Debug|Any CPU.ActiveCfg = Debug|Any CPU
		{8CAAF626-6F61-4573-A829-ACE83432863A}.Debug|Any CPU.Build.0 = Debug|Any CPU
		{8CAAF626-6F61-4573-A829-ACE83432863A}.Release|Any CPU.ActiveCfg = Release|Any CPU
		{8CAAF626-6F61-4573-A829-ACE83432863A}.Release|Any CPU.Build.0 = Release|Any CPU
		{1B1B9281-1270-40AA-983F-AB06C394DC3E}.Debug|Any CPU.ActiveCfg = Debug|Any CPU
		{1B1B9281-1270-40AA-983F-AB06C394DC3E}.Debug|Any CPU.Build.0 = Debug|Any CPU
		{1B1B9281-1270-40AA-983F-AB06C394DC3E}.Release|Any CPU.ActiveCfg = Release|Any CPU
		{1B1B9281-1270-40AA-983F-AB06C394DC3E}.Release|Any CPU.Build.0 = Release|Any CPU
		{7A3D9E72-D13F-4610-9942-5E00BAA720CC}.Debug|Any CPU.ActiveCfg = Debug|Any CPU
		{7A3D9E72-D13F-4610-9942-5E00BAA720CC}.Debug|Any CPU.Build.0 = Debug|Any CPU
		{7A3D9E72-D13F-4610-9942-5E00BAA720CC}.Release|Any CPU.ActiveCfg = Release|Any CPU
		{7A3D9E72-D13F-4610-9942-5E00BAA720CC}.Release|Any CPU.Build.0 = Release|Any CPU
		{59B64C74-011A-4EB0-B50F-27A1CE28BE33}.Debug|Any CPU.ActiveCfg = Debug|Any CPU
		{59B64C74-011A-4EB0-B50F-27A1CE28BE33}.Debug|Any CPU.Build.0 = Debug|Any CPU
		{59B64C74-011A-4EB0-B50F-27A1CE28BE33}.Release|Any CPU.ActiveCfg = Release|Any CPU
		{59B64C74-011A-4EB0-B50F-27A1CE28BE33}.Release|Any CPU.Build.0 = Release|Any CPU
		{C510F417-77DC-4238-B383-B40633BD911D}.Debug|Any CPU.ActiveCfg = Debug|Any CPU
		{C510F417-77DC-4238-B383-B40633BD911D}.Debug|Any CPU.Build.0 = Debug|Any CPU
		{C510F417-77DC-4238-B383-B40633BD911D}.Release|Any CPU.ActiveCfg = Release|Any CPU
		{C510F417-77DC-4238-B383-B40633BD911D}.Release|Any CPU.Build.0 = Release|Any CPU
		{7154F1BA-EB65-4639-A630-30763799EAAB}.Debug|Any CPU.ActiveCfg = Debug|Any CPU
		{7154F1BA-EB65-4639-A630-30763799EAAB}.Debug|Any CPU.Build.0 = Debug|Any CPU
		{7154F1BA-EB65-4639-A630-30763799EAAB}.Release|Any CPU.ActiveCfg = Release|Any CPU
		{7154F1BA-EB65-4639-A630-30763799EAAB}.Release|Any CPU.Build.0 = Release|Any CPU
		{353CD985-5C0B-4E5C-9C04-A0D09FEF4E76}.Debug|Any CPU.ActiveCfg = Debug|Any CPU
		{353CD985-5C0B-4E5C-9C04-A0D09FEF4E76}.Debug|Any CPU.Build.0 = Debug|Any CPU
		{353CD985-5C0B-4E5C-9C04-A0D09FEF4E76}.Release|Any CPU.ActiveCfg = Release|Any CPU
		{353CD985-5C0B-4E5C-9C04-A0D09FEF4E76}.Release|Any CPU.Build.0 = Release|Any CPU
		{04642D4E-9F97-4EE1-A333-2432DF62E915}.Debug|Any CPU.ActiveCfg = Debug|Any CPU
		{04642D4E-9F97-4EE1-A333-2432DF62E915}.Debug|Any CPU.Build.0 = Debug|Any CPU
		{04642D4E-9F97-4EE1-A333-2432DF62E915}.Release|Any CPU.ActiveCfg = Release|Any CPU
		{04642D4E-9F97-4EE1-A333-2432DF62E915}.Release|Any CPU.Build.0 = Release|Any CPU
		{74BDF297-3CB8-4B06-82B8-9193A7FB3965}.Debug|Any CPU.ActiveCfg = Debug|Any CPU
		{74BDF297-3CB8-4B06-82B8-9193A7FB3965}.Debug|Any CPU.Build.0 = Debug|Any CPU
		{74BDF297-3CB8-4B06-82B8-9193A7FB3965}.Release|Any CPU.ActiveCfg = Release|Any CPU
		{74BDF297-3CB8-4B06-82B8-9193A7FB3965}.Release|Any CPU.Build.0 = Release|Any CPU
		{21F5D729-7BEC-44E0-8A6F-C6DD94412451}.Debug|Any CPU.ActiveCfg = Debug|Any CPU
		{21F5D729-7BEC-44E0-8A6F-C6DD94412451}.Debug|Any CPU.Build.0 = Debug|Any CPU
		{21F5D729-7BEC-44E0-8A6F-C6DD94412451}.Release|Any CPU.ActiveCfg = Release|Any CPU
		{21F5D729-7BEC-44E0-8A6F-C6DD94412451}.Release|Any CPU.Build.0 = Release|Any CPU
		{BB18EEA2-FC13-44F6-889F-24CAC1885068}.Debug|Any CPU.ActiveCfg = Debug|Any CPU
		{BB18EEA2-FC13-44F6-889F-24CAC1885068}.Debug|Any CPU.Build.0 = Debug|Any CPU
		{BB18EEA2-FC13-44F6-889F-24CAC1885068}.Release|Any CPU.ActiveCfg = Release|Any CPU
		{BB18EEA2-FC13-44F6-889F-24CAC1885068}.Release|Any CPU.Build.0 = Release|Any CPU
	EndGlobalSection
	GlobalSection(SolutionProperties) = preSolution
		HideSolutionNode = FALSE
	EndGlobalSection
	GlobalSection(NestedProjects) = preSolution
		{8DD473D6-A45D-4BB2-B0A3-32D687E2E6B5} = {A2F7AB88-2E23-41FE-89E5-94F887EF2036}
		{12CBE703-613F-4BBA-B97A-A0A8404F7A20} = {A2F7AB88-2E23-41FE-89E5-94F887EF2036}
		{12EDBA63-4012-4F64-9C46-142FE979E964} = {12CBE703-613F-4BBA-B97A-A0A8404F7A20}
		{3C788669-DDCE-4CD6-99DE-4E0316A37511} = {12CBE703-613F-4BBA-B97A-A0A8404F7A20}
		{D9B878FD-560F-4028-BA93-19202227F3A1} = {12CBE703-613F-4BBA-B97A-A0A8404F7A20}
		{E2F382AE-8F63-44E0-99BC-F36400A12341} = {12EDBA63-4012-4F64-9C46-142FE979E964}
		{931F0E2D-1FEF-43E9-AA65-BA0FD9593117} = {12EDBA63-4012-4F64-9C46-142FE979E964}
		{0A5F88AB-E9D1-4879-BDFE-77ED7B244037} = {12EDBA63-4012-4F64-9C46-142FE979E964}
		{F111E727-6656-4B4D-A97C-229C5DA7CD51} = {D9B878FD-560F-4028-BA93-19202227F3A1}
		{B3BA4C20-E46C-4BFC-937B-0326DF20D385} = {3C788669-DDCE-4CD6-99DE-4E0316A37511}
		{DEDDEBE2-AC45-4FB1-995D-5344A3A54A56} = {DAEBDBC1-931C-4EA3-A7F8-F95C2AE4DE23}
		{FBF3203F-0DA2-49D1-932C-DAB4056C2566} = {DAEBDBC1-931C-4EA3-A7F8-F95C2AE4DE23}
		{7A350465-A1F9-45AF-BF3E-E8A9DAE27980} = {DAEBDBC1-931C-4EA3-A7F8-F95C2AE4DE23}
		{69B3D16C-5565-42F6-8872-8F86C10FAC06} = {DEDDEBE2-AC45-4FB1-995D-5344A3A54A56}
		{546E266A-D43A-4C1C-9A10-23459B5A96D7} = {DEDDEBE2-AC45-4FB1-995D-5344A3A54A56}
		{865EEF2A-CE09-4B85-B305-C076468A30DC} = {DEDDEBE2-AC45-4FB1-995D-5344A3A54A56}
		{5AD5B75F-5BD0-4313-B69F-4E2F9279E095} = {FBF3203F-0DA2-49D1-932C-DAB4056C2566}
		{56C0273D-5C75-4AD2-ACB7-3A6B20BF7357} = {7A350465-A1F9-45AF-BF3E-E8A9DAE27980}
		{B2CFCC6E-AA53-4897-B459-A5BD29C3EFDB} = {A2F7AB88-2E23-41FE-89E5-94F887EF2036}
		{2D931110-146F-4FB2-ADE3-AD6AFDAD6922} = {A2F7AB88-2E23-41FE-89E5-94F887EF2036}
		{29B40ED8-5F78-4559-90F4-5AC72FE36FBD} = {A2F7AB88-2E23-41FE-89E5-94F887EF2036}
		{3FDEB8FD-869D-4281-B2B4-C92D04A65A8C} = {A2F7AB88-2E23-41FE-89E5-94F887EF2036}
		{46E88BC2-0840-4D7D-A978-D74097B779FA} = {A2F7AB88-2E23-41FE-89E5-94F887EF2036}
		{1025ED89-34DA-4B25-BD84-AE0AA731757C} = {A2F7AB88-2E23-41FE-89E5-94F887EF2036}
		{6102C299-1CB7-4410-A7B6-98E49A7D0C96} = {2D931110-146F-4FB2-ADE3-AD6AFDAD6922}
		{89CF0AFC-F42E-4DA1-971F-E558F722EB00} = {6102C299-1CB7-4410-A7B6-98E49A7D0C96}
		{4A44DC98-689F-428C-A50D-3B8D1790AA7F} = {6102C299-1CB7-4410-A7B6-98E49A7D0C96}
		{0EEF5BC9-AAD1-45C8-98A8-65F47A0E8DD4} = {6102C299-1CB7-4410-A7B6-98E49A7D0C96}
		{5DA13F6F-D1BB-4347-82E5-44F837CBC1A4} = {2D931110-146F-4FB2-ADE3-AD6AFDAD6922}
		{093D3872-610B-488A-AD36-61E17F920F3F} = {2D931110-146F-4FB2-ADE3-AD6AFDAD6922}
		{53660CD2-EF10-4783-AC72-5B9386488815} = {093D3872-610B-488A-AD36-61E17F920F3F}
		{9659EE47-8A6E-4139-B06E-33E3F54E6880} = {5DA13F6F-D1BB-4347-82E5-44F837CBC1A4}
		{01ABBC87-A5AB-45CC-9807-2E4280DF00B4} = {FBF3203F-0DA2-49D1-932C-DAB4056C2566}
		{61DA69C6-56CE-4335-AC5D-4F08FD95136F} = {0D3EE188-BE5F-4B7A-A133-A7A04D20B9CF}
		{FFEEB8F6-6C35-4C28-B5FB-C05159272023} = {7D8F1B7C-80CF-445D-B994-0B792F5331D1}
		{0D3EE188-BE5F-4B7A-A133-A7A04D20B9CF} = {FFEEB8F6-6C35-4C28-B5FB-C05159272023}
		{3670985D-417C-4A2E-BE66-2646C5212CFF} = {FFEEB8F6-6C35-4C28-B5FB-C05159272023}
		{39328E42-FA80-40BF-AB2E-38273EEC0A72} = {FFEEB8F6-6C35-4C28-B5FB-C05159272023}
		{7C8EA715-A5A2-46BC-848B-A4A56D893B3D} = {A2F7AB88-2E23-41FE-89E5-94F887EF2036}
		{E411D30A-1842-4399-921D-BBB75516F71C} = {7C8EA715-A5A2-46BC-848B-A4A56D893B3D}
		{81812BE8-5164-40EC-8DDD-6AC4102754F6} = {7C8EA715-A5A2-46BC-848B-A4A56D893B3D}
		{837D3F9B-10E3-44FC-A3A7-0F508D0146E4} = {7C8EA715-A5A2-46BC-848B-A4A56D893B3D}
		{89B7E15A-850C-4175-AE32-65DC2EB02D75} = {E411D30A-1842-4399-921D-BBB75516F71C}
		{EB835AA6-0293-4281-BDFE-8F2E20420938} = {E411D30A-1842-4399-921D-BBB75516F71C}
		{E0D69A75-E415-4B44-B96C-674CCC004EB6} = {E411D30A-1842-4399-921D-BBB75516F71C}
		{F171A0BE-2283-4A84-BCC1-5BF1C4CA5D04} = {81812BE8-5164-40EC-8DDD-6AC4102754F6}
		{F59CEAF8-5C5F-4F78-84A7-800667D81ED1} = {837D3F9B-10E3-44FC-A3A7-0F508D0146E4}
		{A23C9F01-CE1C-4111-A08F-B4331B451D4D} = {B2CFCC6E-AA53-4897-B459-A5BD29C3EFDB}
		{A0D46806-574B-45BE-84C5-164EED9583B1} = {B2CFCC6E-AA53-4897-B459-A5BD29C3EFDB}
		{C11AFF29-3197-4491-B0B4-05953412ECBF} = {B2CFCC6E-AA53-4897-B459-A5BD29C3EFDB}
		{F87916A6-DC15-4BCF-805F-376DD10821D8} = {A23C9F01-CE1C-4111-A08F-B4331B451D4D}
		{6A16B56C-F29B-4AA1-8045-9372394FEDBD} = {A23C9F01-CE1C-4111-A08F-B4331B451D4D}
		{CC5562C3-81D8-40D8-BCB6-F614244335BD} = {A23C9F01-CE1C-4111-A08F-B4331B451D4D}
		{2C109A49-BB8B-403C-806F-1FD154F53678} = {A0D46806-574B-45BE-84C5-164EED9583B1}
		{6D816D4D-4079-42CE-87D9-2B3A3A89C220} = {C11AFF29-3197-4491-B0B4-05953412ECBF}
		{453A685C-C9D2-466D-9B01-2F03FE998AAB} = {29B40ED8-5F78-4559-90F4-5AC72FE36FBD}
		{9C31242C-F7F9-4BF1-B10E-5B4C695E9295} = {29B40ED8-5F78-4559-90F4-5AC72FE36FBD}
		{1C984BCC-4890-4B70-97B9-3BC4951FCF47} = {29B40ED8-5F78-4559-90F4-5AC72FE36FBD}
		{8CAAF626-6F61-4573-A829-ACE83432863A} = {453A685C-C9D2-466D-9B01-2F03FE998AAB}
		{1B1B9281-1270-40AA-983F-AB06C394DC3E} = {453A685C-C9D2-466D-9B01-2F03FE998AAB}
		{7A3D9E72-D13F-4610-9942-5E00BAA720CC} = {453A685C-C9D2-466D-9B01-2F03FE998AAB}
		{59B64C74-011A-4EB0-B50F-27A1CE28BE33} = {9C31242C-F7F9-4BF1-B10E-5B4C695E9295}
		{C510F417-77DC-4238-B383-B40633BD911D} = {1C984BCC-4890-4B70-97B9-3BC4951FCF47}
		{154075AE-85AF-4B9B-9C08-8AD139317D7E} = {A2F7AB88-2E23-41FE-89E5-94F887EF2036}
		{01E69420-B23B-4EAD-B2A3-2418A4D02465} = {154075AE-85AF-4B9B-9C08-8AD139317D7E}
		{4F19725A-DB5A-40A2-8DB3-439D6029D0BB} = {154075AE-85AF-4B9B-9C08-8AD139317D7E}
		{B8C30BF7-C7B9-45F8-BA0F-44412E23FC19} = {154075AE-85AF-4B9B-9C08-8AD139317D7E}
		{7154F1BA-EB65-4639-A630-30763799EAAB} = {4F19725A-DB5A-40A2-8DB3-439D6029D0BB}
		{353CD985-5C0B-4E5C-9C04-A0D09FEF4E76} = {B8C30BF7-C7B9-45F8-BA0F-44412E23FC19}
		{04642D4E-9F97-4EE1-A333-2432DF62E915} = {01E69420-B23B-4EAD-B2A3-2418A4D02465}
		{74BDF297-3CB8-4B06-82B8-9193A7FB3965} = {01E69420-B23B-4EAD-B2A3-2418A4D02465}
		{21F5D729-7BEC-44E0-8A6F-C6DD94412451} = {01E69420-B23B-4EAD-B2A3-2418A4D02465}
		{BB18EEA2-FC13-44F6-889F-24CAC1885068} = {4F19725A-DB5A-40A2-8DB3-439D6029D0BB}
	EndGlobalSection
	GlobalSection(ExtensibilityGlobals) = postSolution
		SolutionGuid = {FE275B7D-1DB8-409D-A788-FB2EAAA1D917}
	EndGlobalSection
EndGlobal
